{
  "version": "2",
  "remote": {
    "https://deno.land/std@0.194.0/_util/asserts.ts": "178dfc49a464aee693a7e285567b3d0b555dc805ff490505a8aae34f9cfb1462",
    "https://deno.land/std@0.194.0/async/delay.ts": "73aa04cec034c84fc748c7be49bb15cac3dd43a57174bfdb7a4aec22c248f0dd",
    "https://deno.land/std@0.194.0/bytes/copy.ts": "939d89e302a9761dcf1d9c937c7711174ed74c59eef40a1e4569a05c9de88219",
    "https://deno.land/std@0.194.0/collections/_comparators.ts": "fa7f9a44cea1d270098a2a5a6f8bb30c61b595c1b1f983bd67c6297d766adffa",
    "https://deno.land/std@0.194.0/collections/binary_search_node.ts": "8d99dd95901d73a0edbe105826ef7ce0e1111ce184d2d0410dbfda172c9ebf35",
    "https://deno.land/std@0.194.0/collections/binary_search_tree.ts": "47b5d09bf6567a674918dd760ba62e2fb250552580361460fa9c58a399c9f3af",
    "https://deno.land/std@0.194.0/collections/red_black_node.ts": "eb766a69d82132fc4f1789eb3dc753781da7c3b0938756256be3764c9941e3ac",
    "https://deno.land/std@0.194.0/collections/red_black_tree.ts": "9dade0abb93cdb7cfd978dcdd01fe6f1bb3f14fdb4e54502367d3029edca01ec",
    "https://deno.land/std@0.194.0/encoding/base64.ts": "144ae6234c1fbe5b68666c711dc15b1e9ee2aef6d42b3b4345bf9a6c91d70d0d",
    "https://deno.land/std@0.194.0/fmt/colors.ts": "d67e3cd9f472535241a8e410d33423980bec45047e343577554d3356e1f0ef4e",
    "https://deno.land/std@0.194.0/io/buffer.ts": "17f4410eaaa60a8a85733e8891349a619eadfbbe42e2f319283ce2b8f29723ab",
    "https://deno.land/std@0.194.0/testing/_diff.ts": "1a3c044aedf77647d6cac86b798c6417603361b66b54c53331b312caeb447aea",
    "https://deno.land/std@0.194.0/testing/_format.ts": "a69126e8a469009adf4cf2a50af889aca364c349797e63174884a52ff75cf4c7",
    "https://deno.land/std@0.194.0/testing/_time.ts": "fecaf6fc7277d240d11b0de2e93b1c93ebbb4a3a61f0cb0b1741f66f69a4d22b",
    "https://deno.land/std@0.194.0/testing/asserts.ts": "056d571baaefc7f13af3e29ad6a66d4dbe5355d3cb2ae130e7d2a1b1e01085e3",
    "https://deno.land/std@0.194.0/testing/time.ts": "a46fbfd61e6f011f15a63c8078399b1f7fa848d2c0c526f253b0535f5c3e7f45",
    "https://deno.land/std@0.194.0/types.d.ts": "dbaeb2c4d7c526db9828fc8df89d8aecf53b9ced72e0c4568f97ddd8cda616a4",
    "https://esm.sh/@faker-js/faker@8.0.2": "f0c31b9b6f6a3ccf57b9bf9a6cc4b8e8769739f1006f3501ce4761007e990645",
    "https://esm.sh/v128/@faker-js/faker@8.0.2/denonext/faker.mjs": "870def5d50e632211a71722109fae486a00080a14a2329589ea4a83f878b6699",
    "https://esm.sh/v128/@faker-js/faker@8.0.2/dist/types/definitions/airline.d.ts": "20fe1e1d7889a02dd9ff93afad1536768874f293c89773d24aae357741533150",
    "https://esm.sh/v128/@faker-js/faker@8.0.2/dist/types/definitions/animal.d.ts": "212de4dc3e0631ab5f5ccc8e95e3b1aa99a46d50f1ebde9f1e1fd7d63607ceec",
    "https://esm.sh/v128/@faker-js/faker@8.0.2/dist/types/definitions/color.d.ts": "a84c01fb4ac98b4e9924a331e22016553d42de66ca52d08e547731afea426efa",
    "https://esm.sh/v128/@faker-js/faker@8.0.2/dist/types/definitions/commerce.d.ts": "5d09d6d2e2cc43e94079c8f7ea6b7640b73567a6b4bea0e5f520870302e27992",
    "https://esm.sh/v128/@faker-js/faker@8.0.2/dist/types/definitions/company.d.ts": "5ef76c7d8aa0b8074a9fcc3122f6729821d2117122e190266243156aaf94a636",
    "https://esm.sh/v128/@faker-js/faker@8.0.2/dist/types/definitions/database.d.ts": "4b98a281eea2d1f0d832a4c52cc77ba89af751ed7aabae050f2b4b81a28fa28b",
    "https://esm.sh/v128/@faker-js/faker@8.0.2/dist/types/definitions/date.d.ts": "3f6f5b28ea1d41341ad93f2d82a949d3bc83e68c002b63f3d3ba01d4608d1cdb",
    "https://esm.sh/v128/@faker-js/faker@8.0.2/dist/types/definitions/definitions.d.ts": "42d874f3d4304f7aa398ccc1aae7cd1e36a717affed49f545c44cb09b51495df",
    "https://esm.sh/v128/@faker-js/faker@8.0.2/dist/types/definitions/finance.d.ts": "b35ad241829fcae60ec9ec952ff84a208570c743115ad3ab9c3c7863831eef51",
    "https://esm.sh/v128/@faker-js/faker@8.0.2/dist/types/definitions/hacker.d.ts": "459deddf0f0b10fff370e50ff042d22200371062ed220590a4dd53f0eb347863",
    "https://esm.sh/v128/@faker-js/faker@8.0.2/dist/types/definitions/index.d.ts": "00e05474ee383454e7fd905435b40ca751bb1a0a5f748144a0328de6a04b8291",
    "https://esm.sh/v128/@faker-js/faker@8.0.2/dist/types/definitions/internet.d.ts": "6b7d1785da7b1d78b0aea43ea422a899a88c446b90396f9c627e85fa28a39a10",
    "https://esm.sh/v128/@faker-js/faker@8.0.2/dist/types/definitions/location.d.ts": "f934ec4aad4801833b1ce2226d6e52e74a4b3c4493982470320fb1247872c295",
    "https://esm.sh/v128/@faker-js/faker@8.0.2/dist/types/definitions/lorem.d.ts": "96348f1abc087ce3e316d3e695cf6ccb31ac554e10f763334fa9928edaf0528e",
    "https://esm.sh/v128/@faker-js/faker@8.0.2/dist/types/definitions/metadata.d.ts": "c22d5f67f23107a1002ce347f54b9bde72c86dc8c7b7517026f0805190435ef8",
    "https://esm.sh/v128/@faker-js/faker@8.0.2/dist/types/definitions/music.d.ts": "0e4360b5f036427546831632225251cd5243ca9f87783fa57b3ac88d08e43545",
    "https://esm.sh/v128/@faker-js/faker@8.0.2/dist/types/definitions/person.d.ts": "6d478cc3d087ba470f12884249b225a85e153fee8e8a50b7663cfdc28d14c440",
    "https://esm.sh/v128/@faker-js/faker@8.0.2/dist/types/definitions/phone_number.d.ts": "3759d0ed385a640212c772728925f3c4eba21011f055b34b300d1ae4b588e16f",
    "https://esm.sh/v128/@faker-js/faker@8.0.2/dist/types/definitions/science.d.ts": "1bf46931edb584f0c905677a45edd39c431339f96c03d81d5e231f291c988693",
    "https://esm.sh/v128/@faker-js/faker@8.0.2/dist/types/definitions/system.d.ts": "d1fa32d522a24abb4818b8e2fb3b38a36123c60a599716ce17eaa4619acd34bd",
    "https://esm.sh/v128/@faker-js/faker@8.0.2/dist/types/definitions/vehicle.d.ts": "a7ea76048f4c226a2bbc17c0522e22ec1e7f89397cd390ace3c606d3a5751af8",
    "https://esm.sh/v128/@faker-js/faker@8.0.2/dist/types/definitions/word.d.ts": "6d223969e0ecc45ace9483ff0048435af4ad1f5634f8fc53d34e8b3fe4aa6674",
    "https://esm.sh/v128/@faker-js/faker@8.0.2/dist/types/errors/faker-error.d.ts": "fdb4804b5b309ee2bf653f392634c43907a2111185b1deb265a8c4f80ed227c8",
    "https://esm.sh/v128/@faker-js/faker@8.0.2/dist/types/faker.d.ts": "21094550704492e5cbc604a2abee703bcc59c38ed40237d0fdde4f25fec2801e",
    "https://esm.sh/v128/@faker-js/faker@8.0.2/dist/types/index.d.ts": "fe597f732de2d85c6a937a850a438ae9dc07ebbf8920bddede76be28e46e85f8",
    "https://esm.sh/v128/@faker-js/faker@8.0.2/dist/types/locale-proxy.d.ts": "d86623752a749ea26a753f13c2d343d428dd09d2d4aee2592aaa94442d21247d",
    "https://esm.sh/v128/@faker-js/faker@8.0.2/dist/types/locale/af_ZA.d.ts": "428ba361707e5d0248c8ad096eca5d0733c567a540f34fe7053e83c081e55a81",
    "https://esm.sh/v128/@faker-js/faker@8.0.2/dist/types/locale/ar.d.ts": "428ba361707e5d0248c8ad096eca5d0733c567a540f34fe7053e83c081e55a81",
    "https://esm.sh/v128/@faker-js/faker@8.0.2/dist/types/locale/az.d.ts": "428ba361707e5d0248c8ad096eca5d0733c567a540f34fe7053e83c081e55a81",
    "https://esm.sh/v128/@faker-js/faker@8.0.2/dist/types/locale/base.d.ts": "428ba361707e5d0248c8ad096eca5d0733c567a540f34fe7053e83c081e55a81",
    "https://esm.sh/v128/@faker-js/faker@8.0.2/dist/types/locale/cs_CZ.d.ts": "428ba361707e5d0248c8ad096eca5d0733c567a540f34fe7053e83c081e55a81",
    "https://esm.sh/v128/@faker-js/faker@8.0.2/dist/types/locale/de.d.ts": "428ba361707e5d0248c8ad096eca5d0733c567a540f34fe7053e83c081e55a81",
    "https://esm.sh/v128/@faker-js/faker@8.0.2/dist/types/locale/de_AT.d.ts": "428ba361707e5d0248c8ad096eca5d0733c567a540f34fe7053e83c081e55a81",
    "https://esm.sh/v128/@faker-js/faker@8.0.2/dist/types/locale/de_CH.d.ts": "428ba361707e5d0248c8ad096eca5d0733c567a540f34fe7053e83c081e55a81",
    "https://esm.sh/v128/@faker-js/faker@8.0.2/dist/types/locale/dv.d.ts": "428ba361707e5d0248c8ad096eca5d0733c567a540f34fe7053e83c081e55a81",
    "https://esm.sh/v128/@faker-js/faker@8.0.2/dist/types/locale/el.d.ts": "428ba361707e5d0248c8ad096eca5d0733c567a540f34fe7053e83c081e55a81",
    "https://esm.sh/v128/@faker-js/faker@8.0.2/dist/types/locale/en.d.ts": "428ba361707e5d0248c8ad096eca5d0733c567a540f34fe7053e83c081e55a81",
    "https://esm.sh/v128/@faker-js/faker@8.0.2/dist/types/locale/en_AU.d.ts": "428ba361707e5d0248c8ad096eca5d0733c567a540f34fe7053e83c081e55a81",
    "https://esm.sh/v128/@faker-js/faker@8.0.2/dist/types/locale/en_AU_ocker.d.ts": "428ba361707e5d0248c8ad096eca5d0733c567a540f34fe7053e83c081e55a81",
    "https://esm.sh/v128/@faker-js/faker@8.0.2/dist/types/locale/en_BORK.d.ts": "428ba361707e5d0248c8ad096eca5d0733c567a540f34fe7053e83c081e55a81",
    "https://esm.sh/v128/@faker-js/faker@8.0.2/dist/types/locale/en_CA.d.ts": "428ba361707e5d0248c8ad096eca5d0733c567a540f34fe7053e83c081e55a81",
    "https://esm.sh/v128/@faker-js/faker@8.0.2/dist/types/locale/en_GB.d.ts": "428ba361707e5d0248c8ad096eca5d0733c567a540f34fe7053e83c081e55a81",
    "https://esm.sh/v128/@faker-js/faker@8.0.2/dist/types/locale/en_GH.d.ts": "428ba361707e5d0248c8ad096eca5d0733c567a540f34fe7053e83c081e55a81",
    "https://esm.sh/v128/@faker-js/faker@8.0.2/dist/types/locale/en_HK.d.ts": "428ba361707e5d0248c8ad096eca5d0733c567a540f34fe7053e83c081e55a81",
    "https://esm.sh/v128/@faker-js/faker@8.0.2/dist/types/locale/en_IE.d.ts": "428ba361707e5d0248c8ad096eca5d0733c567a540f34fe7053e83c081e55a81",
    "https://esm.sh/v128/@faker-js/faker@8.0.2/dist/types/locale/en_IN.d.ts": "428ba361707e5d0248c8ad096eca5d0733c567a540f34fe7053e83c081e55a81",
    "https://esm.sh/v128/@faker-js/faker@8.0.2/dist/types/locale/en_NG.d.ts": "428ba361707e5d0248c8ad096eca5d0733c567a540f34fe7053e83c081e55a81",
    "https://esm.sh/v128/@faker-js/faker@8.0.2/dist/types/locale/en_US.d.ts": "428ba361707e5d0248c8ad096eca5d0733c567a540f34fe7053e83c081e55a81",
    "https://esm.sh/v128/@faker-js/faker@8.0.2/dist/types/locale/en_ZA.d.ts": "428ba361707e5d0248c8ad096eca5d0733c567a540f34fe7053e83c081e55a81",
    "https://esm.sh/v128/@faker-js/faker@8.0.2/dist/types/locale/es.d.ts": "428ba361707e5d0248c8ad096eca5d0733c567a540f34fe7053e83c081e55a81",
    "https://esm.sh/v128/@faker-js/faker@8.0.2/dist/types/locale/es_MX.d.ts": "428ba361707e5d0248c8ad096eca5d0733c567a540f34fe7053e83c081e55a81",
    "https://esm.sh/v128/@faker-js/faker@8.0.2/dist/types/locale/fa.d.ts": "428ba361707e5d0248c8ad096eca5d0733c567a540f34fe7053e83c081e55a81",
    "https://esm.sh/v128/@faker-js/faker@8.0.2/dist/types/locale/fi.d.ts": "428ba361707e5d0248c8ad096eca5d0733c567a540f34fe7053e83c081e55a81",
    "https://esm.sh/v128/@faker-js/faker@8.0.2/dist/types/locale/fr.d.ts": "428ba361707e5d0248c8ad096eca5d0733c567a540f34fe7053e83c081e55a81",
    "https://esm.sh/v128/@faker-js/faker@8.0.2/dist/types/locale/fr_BE.d.ts": "428ba361707e5d0248c8ad096eca5d0733c567a540f34fe7053e83c081e55a81",
    "https://esm.sh/v128/@faker-js/faker@8.0.2/dist/types/locale/fr_CA.d.ts": "428ba361707e5d0248c8ad096eca5d0733c567a540f34fe7053e83c081e55a81",
    "https://esm.sh/v128/@faker-js/faker@8.0.2/dist/types/locale/fr_CH.d.ts": "428ba361707e5d0248c8ad096eca5d0733c567a540f34fe7053e83c081e55a81",
    "https://esm.sh/v128/@faker-js/faker@8.0.2/dist/types/locale/fr_LU.d.ts": "428ba361707e5d0248c8ad096eca5d0733c567a540f34fe7053e83c081e55a81",
    "https://esm.sh/v128/@faker-js/faker@8.0.2/dist/types/locale/he.d.ts": "428ba361707e5d0248c8ad096eca5d0733c567a540f34fe7053e83c081e55a81",
    "https://esm.sh/v128/@faker-js/faker@8.0.2/dist/types/locale/hr.d.ts": "428ba361707e5d0248c8ad096eca5d0733c567a540f34fe7053e83c081e55a81",
    "https://esm.sh/v128/@faker-js/faker@8.0.2/dist/types/locale/hu.d.ts": "428ba361707e5d0248c8ad096eca5d0733c567a540f34fe7053e83c081e55a81",
    "https://esm.sh/v128/@faker-js/faker@8.0.2/dist/types/locale/hy.d.ts": "428ba361707e5d0248c8ad096eca5d0733c567a540f34fe7053e83c081e55a81",
    "https://esm.sh/v128/@faker-js/faker@8.0.2/dist/types/locale/id_ID.d.ts": "428ba361707e5d0248c8ad096eca5d0733c567a540f34fe7053e83c081e55a81",
    "https://esm.sh/v128/@faker-js/faker@8.0.2/dist/types/locale/index.d.ts": "a1e403cf6a01e39448e49c4f7bfa2d5b75ac4ecbe08a0d9ee4eec0cfdc9b6e8d",
    "https://esm.sh/v128/@faker-js/faker@8.0.2/dist/types/locale/it.d.ts": "428ba361707e5d0248c8ad096eca5d0733c567a540f34fe7053e83c081e55a81",
    "https://esm.sh/v128/@faker-js/faker@8.0.2/dist/types/locale/ja.d.ts": "428ba361707e5d0248c8ad096eca5d0733c567a540f34fe7053e83c081e55a81",
    "https://esm.sh/v128/@faker-js/faker@8.0.2/dist/types/locale/ka_GE.d.ts": "428ba361707e5d0248c8ad096eca5d0733c567a540f34fe7053e83c081e55a81",
    "https://esm.sh/v128/@faker-js/faker@8.0.2/dist/types/locale/ko.d.ts": "428ba361707e5d0248c8ad096eca5d0733c567a540f34fe7053e83c081e55a81",
    "https://esm.sh/v128/@faker-js/faker@8.0.2/dist/types/locale/lv.d.ts": "428ba361707e5d0248c8ad096eca5d0733c567a540f34fe7053e83c081e55a81",
    "https://esm.sh/v128/@faker-js/faker@8.0.2/dist/types/locale/mk.d.ts": "428ba361707e5d0248c8ad096eca5d0733c567a540f34fe7053e83c081e55a81",
    "https://esm.sh/v128/@faker-js/faker@8.0.2/dist/types/locale/nb_NO.d.ts": "428ba361707e5d0248c8ad096eca5d0733c567a540f34fe7053e83c081e55a81",
    "https://esm.sh/v128/@faker-js/faker@8.0.2/dist/types/locale/ne.d.ts": "428ba361707e5d0248c8ad096eca5d0733c567a540f34fe7053e83c081e55a81",
    "https://esm.sh/v128/@faker-js/faker@8.0.2/dist/types/locale/nl.d.ts": "428ba361707e5d0248c8ad096eca5d0733c567a540f34fe7053e83c081e55a81",
    "https://esm.sh/v128/@faker-js/faker@8.0.2/dist/types/locale/nl_BE.d.ts": "428ba361707e5d0248c8ad096eca5d0733c567a540f34fe7053e83c081e55a81",
    "https://esm.sh/v128/@faker-js/faker@8.0.2/dist/types/locale/pl.d.ts": "428ba361707e5d0248c8ad096eca5d0733c567a540f34fe7053e83c081e55a81",
    "https://esm.sh/v128/@faker-js/faker@8.0.2/dist/types/locale/pt_BR.d.ts": "428ba361707e5d0248c8ad096eca5d0733c567a540f34fe7053e83c081e55a81",
    "https://esm.sh/v128/@faker-js/faker@8.0.2/dist/types/locale/pt_PT.d.ts": "428ba361707e5d0248c8ad096eca5d0733c567a540f34fe7053e83c081e55a81",
    "https://esm.sh/v128/@faker-js/faker@8.0.2/dist/types/locale/ro.d.ts": "428ba361707e5d0248c8ad096eca5d0733c567a540f34fe7053e83c081e55a81",
    "https://esm.sh/v128/@faker-js/faker@8.0.2/dist/types/locale/ro_MD.d.ts": "428ba361707e5d0248c8ad096eca5d0733c567a540f34fe7053e83c081e55a81",
    "https://esm.sh/v128/@faker-js/faker@8.0.2/dist/types/locale/ru.d.ts": "428ba361707e5d0248c8ad096eca5d0733c567a540f34fe7053e83c081e55a81",
    "https://esm.sh/v128/@faker-js/faker@8.0.2/dist/types/locale/sk.d.ts": "428ba361707e5d0248c8ad096eca5d0733c567a540f34fe7053e83c081e55a81",
    "https://esm.sh/v128/@faker-js/faker@8.0.2/dist/types/locale/sr_RS_latin.d.ts": "428ba361707e5d0248c8ad096eca5d0733c567a540f34fe7053e83c081e55a81",
    "https://esm.sh/v128/@faker-js/faker@8.0.2/dist/types/locale/sv.d.ts": "428ba361707e5d0248c8ad096eca5d0733c567a540f34fe7053e83c081e55a81",
    "https://esm.sh/v128/@faker-js/faker@8.0.2/dist/types/locale/th.d.ts": "428ba361707e5d0248c8ad096eca5d0733c567a540f34fe7053e83c081e55a81",
    "https://esm.sh/v128/@faker-js/faker@8.0.2/dist/types/locale/tr.d.ts": "428ba361707e5d0248c8ad096eca5d0733c567a540f34fe7053e83c081e55a81",
    "https://esm.sh/v128/@faker-js/faker@8.0.2/dist/types/locale/uk.d.ts": "428ba361707e5d0248c8ad096eca5d0733c567a540f34fe7053e83c081e55a81",
    "https://esm.sh/v128/@faker-js/faker@8.0.2/dist/types/locale/ur.d.ts": "428ba361707e5d0248c8ad096eca5d0733c567a540f34fe7053e83c081e55a81",
    "https://esm.sh/v128/@faker-js/faker@8.0.2/dist/types/locale/vi.d.ts": "428ba361707e5d0248c8ad096eca5d0733c567a540f34fe7053e83c081e55a81",
    "https://esm.sh/v128/@faker-js/faker@8.0.2/dist/types/locale/zh_CN.d.ts": "428ba361707e5d0248c8ad096eca5d0733c567a540f34fe7053e83c081e55a81",
    "https://esm.sh/v128/@faker-js/faker@8.0.2/dist/types/locale/zh_TW.d.ts": "428ba361707e5d0248c8ad096eca5d0733c567a540f34fe7053e83c081e55a81",
    "https://esm.sh/v128/@faker-js/faker@8.0.2/dist/types/locale/zu_ZA.d.ts": "428ba361707e5d0248c8ad096eca5d0733c567a540f34fe7053e83c081e55a81",
    "https://esm.sh/v128/@faker-js/faker@8.0.2/dist/types/locales/af_ZA/index.d.ts": "15e9229b15832de25d9b4bea47c550c0cf5141e4c1a1c2814f47bcf80f048395",
    "https://esm.sh/v128/@faker-js/faker@8.0.2/dist/types/locales/ar/index.d.ts": "ff15d58db72363d3a38cbce813c6272f5ba62b77d7c950a1fca7a25a9efe29b1",
    "https://esm.sh/v128/@faker-js/faker@8.0.2/dist/types/locales/az/index.d.ts": "79a2d0a788c9c58c1487354537da9434c0dc7c3194f65cbfe26600da31899ee5",
    "https://esm.sh/v128/@faker-js/faker@8.0.2/dist/types/locales/base/index.d.ts": "e7b77364166179425baad9e4a583734a70bf71d57c2bc054bc1d7cd6dde550d1",
    "https://esm.sh/v128/@faker-js/faker@8.0.2/dist/types/locales/cs_CZ/index.d.ts": "f81a25d940e41def76612536b48679baf7cb67c98e7e1c61879bbfb5eff10436",
    "https://esm.sh/v128/@faker-js/faker@8.0.2/dist/types/locales/de/index.d.ts": "a5e3a272cd91c254e0b68aefee7e3eff1842fa232adfd7376e0c0cea52d99955",
    "https://esm.sh/v128/@faker-js/faker@8.0.2/dist/types/locales/de_AT/index.d.ts": "c4ea4affa7e2133a1b353ebd3e3899581b5e6719bc03e193d4d4fa65ae1bd0e2",
    "https://esm.sh/v128/@faker-js/faker@8.0.2/dist/types/locales/de_CH/index.d.ts": "e9e9c243ab473db30ec2d5d31b5139a79a0c9f91a6f759fb00d28c68832ddded",
    "https://esm.sh/v128/@faker-js/faker@8.0.2/dist/types/locales/dv/index.d.ts": "c2408e183b48b7f362f9824880f7a72952bfff659fcd9cf66e81611619c36c86",
    "https://esm.sh/v128/@faker-js/faker@8.0.2/dist/types/locales/el/index.d.ts": "288875aaf841deae82738ac087ea8baf699cf551b8338483623e5429e4ed6594",
    "https://esm.sh/v128/@faker-js/faker@8.0.2/dist/types/locales/en/index.d.ts": "ea0563032a721edc79cc524c0b89411a1437cfb31968f96a30ec49e461f39fec",
    "https://esm.sh/v128/@faker-js/faker@8.0.2/dist/types/locales/en_AU/index.d.ts": "af99e012862e57fd8c2a9adfab74c000a8c18c8597cbb09e02409c4079c6c3a9",
    "https://esm.sh/v128/@faker-js/faker@8.0.2/dist/types/locales/en_AU_ocker/index.d.ts": "d30046ed51ca203bf49f872ce942cc0ba242a2f468e5d22019882d993f0c5af4",
    "https://esm.sh/v128/@faker-js/faker@8.0.2/dist/types/locales/en_BORK/index.d.ts": "020c04c8bd81197736e1487320ec7bf62e30e5e31e1b7c8275206ca378c79309",
    "https://esm.sh/v128/@faker-js/faker@8.0.2/dist/types/locales/en_CA/index.d.ts": "a72c1e24b6dea23eb7591117943543fd92ded14e633ce84fee66052c0b40d302",
    "https://esm.sh/v128/@faker-js/faker@8.0.2/dist/types/locales/en_GB/index.d.ts": "041c2f0e8d9fe7b2bd9ad150c861f622109c7ba2922e1519518350fe45f4bf8d",
    "https://esm.sh/v128/@faker-js/faker@8.0.2/dist/types/locales/en_GH/index.d.ts": "71dba77a25dbfb5fcd2858c0ab8d77fd3edec0e728d08e0824e8efa05c5387ff",
    "https://esm.sh/v128/@faker-js/faker@8.0.2/dist/types/locales/en_HK/index.d.ts": "156a663b9d6dd1fa97fb4c08ca981e911bcdb26e6ea57c63d64b041806a7da6c",
    "https://esm.sh/v128/@faker-js/faker@8.0.2/dist/types/locales/en_IE/index.d.ts": "0b78013f4ce71d9d5fbded672498a89b7fdeb524bd467ce5648133ba26964d84",
    "https://esm.sh/v128/@faker-js/faker@8.0.2/dist/types/locales/en_IN/index.d.ts": "ff3c53b5443d594203c9b8f4256d9c33e26ed2ef9951ff5c26c031043b02bce6",
    "https://esm.sh/v128/@faker-js/faker@8.0.2/dist/types/locales/en_NG/index.d.ts": "5dab914df6dac7be50db5ae6959d0b479313c3eb1204ed14d2211b3eb84f1264",
    "https://esm.sh/v128/@faker-js/faker@8.0.2/dist/types/locales/en_US/index.d.ts": "88d8bf09704b10573681da0b88a1ddd79de078044ddde8de00111ad6d528c2a5",
    "https://esm.sh/v128/@faker-js/faker@8.0.2/dist/types/locales/en_ZA/index.d.ts": "22fee99791b6fc64e96769a927b4f43d82f0c786951a0e4e26984f94a4952dc6",
    "https://esm.sh/v128/@faker-js/faker@8.0.2/dist/types/locales/es/index.d.ts": "cc36ad8d8fdc9927ff04989a47de24085e5ef38409c680fa416ac44a4e90fcab",
    "https://esm.sh/v128/@faker-js/faker@8.0.2/dist/types/locales/es_MX/index.d.ts": "d5fff083812d859a1830ee7c9acd069fc57e33c19f3cd603ce64cb0a50962dbb",
    "https://esm.sh/v128/@faker-js/faker@8.0.2/dist/types/locales/fa/index.d.ts": "88c42516c29ad9170f397e5fe11caf07a3fa4aceb5d619d93a45c45f072068f5",
    "https://esm.sh/v128/@faker-js/faker@8.0.2/dist/types/locales/fi/index.d.ts": "7d7dddf27913045b01a26f2e98685110661f6eec7d849736b8c3c27a51ae6457",
    "https://esm.sh/v128/@faker-js/faker@8.0.2/dist/types/locales/fr/index.d.ts": "b04586c11f3bd765b76588a8418aacb1e46ba5fd3c01ef0ce6011f849041bc0c",
    "https://esm.sh/v128/@faker-js/faker@8.0.2/dist/types/locales/fr_BE/index.d.ts": "aa17a7ecb95dc65874676943a0859c7f8a2f13fe88dcaff73302dd66aa054433",
    "https://esm.sh/v128/@faker-js/faker@8.0.2/dist/types/locales/fr_CA/index.d.ts": "986e43a4d6d8b04ce164d7fca2d7345c0c0e346c54bbdaf2241ff94c135aae91",
    "https://esm.sh/v128/@faker-js/faker@8.0.2/dist/types/locales/fr_CH/index.d.ts": "b9fe0ae4e5c3db427bf9ee3c5f7490c7cf0524ced80fc8b0c6e72df5d678917f",
    "https://esm.sh/v128/@faker-js/faker@8.0.2/dist/types/locales/fr_LU/index.d.ts": "5e752a18bbcd00b3d1e456080dfcb58a8c8f1b35b037f9be711c893da41d66a2",
    "https://esm.sh/v128/@faker-js/faker@8.0.2/dist/types/locales/he/index.d.ts": "3453e65151561b06b377d9b186f382a3ce2d8c051c9b3673b374eb4d33679ae5",
    "https://esm.sh/v128/@faker-js/faker@8.0.2/dist/types/locales/hr/index.d.ts": "29d9ad3268f960d9177e7275deee123382bf3e570cb0829946daa7e59f5486e3",
    "https://esm.sh/v128/@faker-js/faker@8.0.2/dist/types/locales/hu/index.d.ts": "2413cc59680eb1dcb45ce4dd881b971e0404c4bafe30d5c703a7ebc4f65d36b5",
    "https://esm.sh/v128/@faker-js/faker@8.0.2/dist/types/locales/hy/index.d.ts": "2dc2ec28568349934aad9f9aee8b369e468fc685f97707795db39e128ee4387c",
    "https://esm.sh/v128/@faker-js/faker@8.0.2/dist/types/locales/id_ID/index.d.ts": "7d1927d793986aa94a773c79a3ac420366c96670bd0b48e752ef441c358fd26e",
    "https://esm.sh/v128/@faker-js/faker@8.0.2/dist/types/locales/index.d.ts": "edb4516bc57115c0d98f3e84aaf00def97dfc32df6229d7c2feb46fe52de1cb8",
    "https://esm.sh/v128/@faker-js/faker@8.0.2/dist/types/locales/it/index.d.ts": "4aabdbbe2bb52217230e41121525308c9c77f7e1b2b8b008b2939b37003d01de",
    "https://esm.sh/v128/@faker-js/faker@8.0.2/dist/types/locales/ja/index.d.ts": "4451b00dc867f52ae6c2d0994f6f908825df93a3ceb59a2a1c7898e6860d3e0c",
    "https://esm.sh/v128/@faker-js/faker@8.0.2/dist/types/locales/ka_GE/index.d.ts": "70c4a95f8dc317315f3216235c5d98ede7f11a699d775add9a6ce70378f894e9",
    "https://esm.sh/v128/@faker-js/faker@8.0.2/dist/types/locales/ko/index.d.ts": "ad7367f44b67dfff592826a65ac3c07462fb3fced6e34aa83294772f4e99f6e7",
    "https://esm.sh/v128/@faker-js/faker@8.0.2/dist/types/locales/lv/index.d.ts": "1bf0a0cb13e5244cdf52eb3a7eb8bb715550dd08c37bca52df5a4fc8ef0ff7a2",
    "https://esm.sh/v128/@faker-js/faker@8.0.2/dist/types/locales/mk/index.d.ts": "1da503ad9715af93589468b1902e9a22ed9d097a982e0aeb05152364fae683f4",
    "https://esm.sh/v128/@faker-js/faker@8.0.2/dist/types/locales/nb_NO/index.d.ts": "abce923e1486aae8c2513af36f0f1f0fbda8899c2bf848b0138ebaccc94e2e0f",
    "https://esm.sh/v128/@faker-js/faker@8.0.2/dist/types/locales/ne/index.d.ts": "ea7e1d39b34adb2364657c44d325e5e54a90fedc0c0b23d9e8ce21ed89b0f081",
    "https://esm.sh/v128/@faker-js/faker@8.0.2/dist/types/locales/nl/index.d.ts": "6e22a0230e51740d0e14e28eeeeecb144653b8959e3a1ca64cb5b69dae8eb7e4",
    "https://esm.sh/v128/@faker-js/faker@8.0.2/dist/types/locales/nl_BE/index.d.ts": "5811f0445d18c59f55be3ba85c4c6258b5dc5e0bb88f0cf8b4f40d4356c12183",
    "https://esm.sh/v128/@faker-js/faker@8.0.2/dist/types/locales/pl/index.d.ts": "ab16ee9a162046ce765746c7d4e42aba35de3a17faed66e7b8abf0d87c4de4f0",
    "https://esm.sh/v128/@faker-js/faker@8.0.2/dist/types/locales/pt_BR/index.d.ts": "f69347a307b9741f7930d9f341f9054e4acd10b004ec9aeac6f5fd375c287b8a",
    "https://esm.sh/v128/@faker-js/faker@8.0.2/dist/types/locales/pt_PT/index.d.ts": "3c394217de24a0c01ef37c6248904c1a4fb42fb148fc53a6d9fe00d84b9dc6af",
    "https://esm.sh/v128/@faker-js/faker@8.0.2/dist/types/locales/ro/index.d.ts": "5d43bc10539863b0dd8307d5a9e983ee34efb575c3017ea372af410f2fd75081",
    "https://esm.sh/v128/@faker-js/faker@8.0.2/dist/types/locales/ro_MD/index.d.ts": "43721049addc28bf88473d699adaf20e75b273958c1dcd3b0719e005eec481b6",
    "https://esm.sh/v128/@faker-js/faker@8.0.2/dist/types/locales/ru/index.d.ts": "9e3a31fa166fb5f7d96518fd372138b4d13097d110d47943955308c6ef844132",
    "https://esm.sh/v128/@faker-js/faker@8.0.2/dist/types/locales/sk/index.d.ts": "cc288eff06a4ffdd02d5f1bcb7fa031ef5c731f13b5132110f3a614e250e9c84",
    "https://esm.sh/v128/@faker-js/faker@8.0.2/dist/types/locales/sr_RS_latin/index.d.ts": "1d0c179743c9c0d2c2b83fde47b06ce198a0b5128662a6c4e5ffe666f2f0de26",
    "https://esm.sh/v128/@faker-js/faker@8.0.2/dist/types/locales/sv/index.d.ts": "b16520aba065ee88cb6bf373be8aa44d011d9ac46f14b3d95523f7237d89563d",
    "https://esm.sh/v128/@faker-js/faker@8.0.2/dist/types/locales/th/index.d.ts": "62cf7d71de00b7af9c4dc8430d6ab6086924553e9e7d825344e31f7ee97d77f4",
    "https://esm.sh/v128/@faker-js/faker@8.0.2/dist/types/locales/tr/index.d.ts": "b93d3e6cdf6910ce31ca6ee6db3fe22966cb98683475eb4016850dc78d869549",
    "https://esm.sh/v128/@faker-js/faker@8.0.2/dist/types/locales/uk/index.d.ts": "6b500829ff68acf44107d261848972c3546f0e5009f975c210741c0e45a80900",
    "https://esm.sh/v128/@faker-js/faker@8.0.2/dist/types/locales/ur/index.d.ts": "a357100382bde6ab6445c77b4117fc19bc3232d5d56965b416d174cfb11f57b8",
    "https://esm.sh/v128/@faker-js/faker@8.0.2/dist/types/locales/vi/index.d.ts": "f6b96f5d8831b0c2ce8f9f157f3a636bb7bc34f56a1ef25c58d300bff93a3388",
    "https://esm.sh/v128/@faker-js/faker@8.0.2/dist/types/locales/zh_CN/index.d.ts": "76564b514a750014f083bc18d70752ea3eb991637e76f22730672ad8658d6d42",
    "https://esm.sh/v128/@faker-js/faker@8.0.2/dist/types/locales/zh_TW/index.d.ts": "125e18fa08d8b1a966bbe639a54f9ee8aba04f24fda291bf7708dca96be2d767",
    "https://esm.sh/v128/@faker-js/faker@8.0.2/dist/types/locales/zu_ZA/index.d.ts": "b55eccc4bab098c7d22523c4a98d5f60534dde0a5f581801004f034ba83da929",
    "https://esm.sh/v128/@faker-js/faker@8.0.2/dist/types/modules/airline/index.d.ts": "93f31ea9b4f46812206dea259f6c3c9185b072ef4c094e936a1a6c27d85852ac",
    "https://esm.sh/v128/@faker-js/faker@8.0.2/dist/types/modules/animal/index.d.ts": "42f25866519c57309a660bcb796ff53cfdf0fa6dc806ea6d48a739c1bb119797",
    "https://esm.sh/v128/@faker-js/faker@8.0.2/dist/types/modules/color/index.d.ts": "388070774d7416f964d8363932eac5e443ead6bd6f689c951088411e923833e9",
    "https://esm.sh/v128/@faker-js/faker@8.0.2/dist/types/modules/commerce/index.d.ts": "c57cf144c7c2e8412cff98aaf8c9f772316643b7264dad68e3334d0ec7fcd9ea",
    "https://esm.sh/v128/@faker-js/faker@8.0.2/dist/types/modules/company/index.d.ts": "31005c35a2517c849de1e0dfa6b31a3a703910c167b79ca3d1e95ebbf4096fe6",
    "https://esm.sh/v128/@faker-js/faker@8.0.2/dist/types/modules/database/index.d.ts": "8daca91fe97a223eb10a466f46afe9e8eda64183552b98e2f2c9175c4c81cd57",
    "https://esm.sh/v128/@faker-js/faker@8.0.2/dist/types/modules/datatype/index.d.ts": "9b7f5d1892578bee3fbc3ecbbe065f15261dd073f407d1877bad74ae15401288",
    "https://esm.sh/v128/@faker-js/faker@8.0.2/dist/types/modules/date/index.d.ts": "6321921d5e8033743b8adff4888719bb3965f9b5bf23aa9154c29d95bdf64f09",
    "https://esm.sh/v128/@faker-js/faker@8.0.2/dist/types/modules/finance/index.d.ts": "608b722a1cc6169d2397eb20853cd5b6073a6709845d5406f269d38afd08f925",
    "https://esm.sh/v128/@faker-js/faker@8.0.2/dist/types/modules/git/index.d.ts": "b09999c7a0575f9618b26f496489ce38b8e6e131e3929d372bcf1847c1777fdf",
    "https://esm.sh/v128/@faker-js/faker@8.0.2/dist/types/modules/hacker/index.d.ts": "50c29e797ad544406d5adc3c969422faffa2b064d851b115ea94307e96311ad0",
    "https://esm.sh/v128/@faker-js/faker@8.0.2/dist/types/modules/helpers/index.d.ts": "88f8e44d4106b6374b36d5b4a2a7dcb83ee49c14df9181b1031ec4a23f097f15",
    "https://esm.sh/v128/@faker-js/faker@8.0.2/dist/types/modules/helpers/unique.d.ts": "340adb2616149d13525df14ec9251a66b4a058b779766b5b75d48dfe40d3f98a",
    "https://esm.sh/v128/@faker-js/faker@8.0.2/dist/types/modules/image/index.d.ts": "921cd67cb45f37503c1f316a097f92fe867bceec912afe1865449a598a4f7b9d",
    "https://esm.sh/v128/@faker-js/faker@8.0.2/dist/types/modules/image/providers/lorempicsum.d.ts": "8455fe3ee1d279adb222bb00057a83aee0646143debb6616d669f472cc8524ee",
    "https://esm.sh/v128/@faker-js/faker@8.0.2/dist/types/modules/image/providers/placeholder.d.ts": "d40822e16e44d371ff4ccff235ba2c2da9d1c127840f39ad21b5b61f9605d669",
    "https://esm.sh/v128/@faker-js/faker@8.0.2/dist/types/modules/image/providers/unsplash.d.ts": "1516f28f190f059a8512dfa337a4d3b0fab4db4f1ddc9c8b968d60b27c8bed64",
    "https://esm.sh/v128/@faker-js/faker@8.0.2/dist/types/modules/internet/index.d.ts": "b0abd0e77ab13f64c802053cddff4f3124a0c47db2aab8a83b55b9e521376902",
    "https://esm.sh/v128/@faker-js/faker@8.0.2/dist/types/modules/location/index.d.ts": "1f9dc02779800877eb797b573e23a5f884d2b38e6f853604239058732c0ca343",
    "https://esm.sh/v128/@faker-js/faker@8.0.2/dist/types/modules/lorem/index.d.ts": "b846a112af79b6c2d1aa7683c04c986e97f5730b14f66cd3f8168d3f2c074d46",
    "https://esm.sh/v128/@faker-js/faker@8.0.2/dist/types/modules/music/index.d.ts": "6fa4a99b8d5e15170d2f2e2695401908904256c96be9a8a6bea4848eaaf15d75",
    "https://esm.sh/v128/@faker-js/faker@8.0.2/dist/types/modules/number/index.d.ts": "015639dcab6dfb40066ab0a90755251e97abc3a2540f269e62fa54a20a48b77c",
    "https://esm.sh/v128/@faker-js/faker@8.0.2/dist/types/modules/person/index.d.ts": "b553258c16a96816ea45a3cffc448e93f0a1ec02ff220a5bed483ba7dcbd19ac",
    "https://esm.sh/v128/@faker-js/faker@8.0.2/dist/types/modules/phone/index.d.ts": "b53e29214b24ff12046c7b51cb264b9ce6df88d0582e4229503dc046fb9609b9",
    "https://esm.sh/v128/@faker-js/faker@8.0.2/dist/types/modules/random/index.d.ts": "7551062e664777e6c294455646da86726e1081da22d9a7bd2df280f9637cbd97",
    "https://esm.sh/v128/@faker-js/faker@8.0.2/dist/types/modules/science/index.d.ts": "aed7ba6e993a8b8ba7ce726dba6fa7363b8d279c916684e67a38dfe3e6ae20a1",
    "https://esm.sh/v128/@faker-js/faker@8.0.2/dist/types/modules/string/index.d.ts": "778176e00c2ce8b7537fce012fd918989a9cdccbc66926dd2d3459a22a138818",
    "https://esm.sh/v128/@faker-js/faker@8.0.2/dist/types/modules/system/index.d.ts": "cf896308f5eaf668caf258d4cf8a20136fa863787562e19c9fcd8d0ee825aa58",
    "https://esm.sh/v128/@faker-js/faker@8.0.2/dist/types/modules/vehicle/index.d.ts": "d249b344a937843c6de1f430a58cda7d720d84d2a449513dcfadab6bbc4028a6",
    "https://esm.sh/v128/@faker-js/faker@8.0.2/dist/types/modules/word/index.d.ts": "86ed1606f81753f2becd9273d8b43708fd3f10ec1b2837fa7aaa58894e26230c",
    "https://esm.sh/v128/@faker-js/faker@8.0.2/dist/types/utils/merge-locales.d.ts": "4be101086c29dd393c3476a7ec61727422817b6cb91c7caa1074dec4a9a67d77",
    "https://esm.sh/v128/@faker-js/faker@8.0.2/dist/types/utils/types.d.ts": "2b2f6a2decd9859f473d0cde800d3a5d4042e57598286f0d7f7f94080baf4672"
  },
  "npm": {
    "specifiers": {
      "@types/node": "@types/node@18.11.18"
    },
    "packages": {
      "@types/node@18.11.18": {
        "integrity": "sha512-DHQpWGjyQKSHj3ebjFI/wRKcqQcdR+MoFBygntYOZytCqNfkd2ZC4ARDJ2DQqhjH5p85Nnd3jhUJIXrszFX/JA==",
        "dependencies": {}
      }
    }
  }
}
